
Microsoft Visual Studio Solution File, Format Version 12.00
# Visual Studio Version 16
VisualStudioVersion = 16.0.32002.261
MinimumVisualStudioVersion = 10.0.40219.1
Project("{FAE04EC0-301F-11D3-BF4B-00C04F79EFBC}") = "FishShop", "FishShop.csproj", "{A805692F-8744-4BF8-B800-80B7ADDE4BF9}"
EndProject
Project("{FAE04EC0-301F-11D3-BF4B-00C04F79EFBC}") = "testingProjects", "..\testingProjects\testingProjects.csproj", "{34E51E77-5663-4801-B827-A5EAB668940B}"
EndProject
Global
	GlobalSection(SolutionConfigurationPlatforms) = preSolution
		Debug|Any CPU = Debug|Any CPU
		Release|Any CPU = Release|Any CPU
	EndGlobalSection
	GlobalSection(ProjectConfigurationPlatforms) = postSolution
		{A805692F-8744-4BF8-B800-80B7ADDE4BF9}.Debug|Any CPU.ActiveCfg = Debug|Any CPU
		{A805692F-8744-4BF8-B800-80B7ADDE4BF9}.Debug|Any CPU.Build.0 = Debug|Any CPU
		{A805692F-8744-4BF8-B800-80B7ADDE4BF9}.Release|Any CPU.ActiveCfg = Release|Any CPU
		{A805692F-8744-4BF8-B800-80B7ADDE4BF9}.Release|Any CPU.Build.0 = Release|Any CPU
		{34E51E77-5663-4801-B827-A5EAB668940B}.Debug|Any CPU.ActiveCfg = Debug|Any CPU
		{34E51E77-5663-4801-B827-A5EAB668940B}.Debug|Any CPU.Build.0 = Debug|Any CPU
		{34E51E77-5663-4801-B827-A5EAB668940B}.Release|Any CPU.ActiveCfg = Release|Any CPU
		{34E51E77-5663-4801-B827-A5EAB668940B}.Release|Any CPU.Build.0 = Release|Any CPU
	EndGlobalSection
	GlobalSection(SolutionProperties) = preSolution
		HideSolutionNode = FALSE
	EndGlobalSection
	GlobalSection(ExtensibilityGlobals) = postSolution
		SolutionGuid = {86296DFE-D217-4EC6-AC5D-E38D02766D89}
	EndGlobalSection
EndGlobal
